// !$*UTF8*$!
{
	archiveVersion = 1;
	classes = {
	};
	objectVersion = 50;
	objects = {

/* Begin PBXBuildFile section */
		670026DD21FC6EAD0078D97A /* AppDelegate.swift in Sources */ = {isa = PBXBuildFile; fileRef = 670026DC21FC6EAD0078D97A /* AppDelegate.swift */; };
		670026DF21FC6EAD0078D97A /* ViewController.swift in Sources */ = {isa = PBXBuildFile; fileRef = 670026DE21FC6EAD0078D97A /* ViewController.swift */; };
		670026E221FC6EAD0078D97A /* Main.storyboard in Resources */ = {isa = PBXBuildFile; fileRef = 670026E021FC6EAD0078D97A /* Main.storyboard */; };
		670026E421FC6EAE0078D97A /* Assets.xcassets in Resources */ = {isa = PBXBuildFile; fileRef = 670026E321FC6EAE0078D97A /* Assets.xcassets */; };
		670026E721FC6EAE0078D97A /* LaunchScreen.storyboard in Resources */ = {isa = PBXBuildFile; fileRef = 670026E521FC6EAE0078D97A /* LaunchScreen.storyboard */; };
		670026F021FC70D90078D97A /* AbbeyRoad.jpg in Resources */ = {isa = PBXBuildFile; fileRef = 670026EF21FC70D90078D97A /* AbbeyRoad.jpg */; };
		670026F221FC776A0078D97A /* Images.bundle in Resources */ = {isa = PBXBuildFile; fileRef = 670026F121FC776A0078D97A /* Images.bundle */; };
/* End PBXBuildFile section */

/* Begin PBXFileReference section */
		670026D921FC6EAD0078D97A /* BundleTest.app */ = {isa = PBXFileReference; explicitFileType = wrapper.application; includeInIndex = 0; path = BundleTest.app; sourceTree = BUILT_PRODUCTS_DIR; };
		670026DC21FC6EAD0078D97A /* AppDelegate.swift */ = {isa = PBXFileReference; lastKnownFileType = sourcecode.swift; path = AppDelegate.swift; sourceTree = "<group>"; };
		670026DE21FC6EAD0078D97A /* ViewController.swift */ = {isa = PBXFileReference; lastKnownFileType = sourcecode.swift; path = ViewController.swift; sourceTree = "<group>"; };
		670026E121FC6EAD0078D97A /* Base */ = {isa = PBXFileReference; lastKnownFileType = file.storyboard; name = Base; path = Base.lproj/Main.storyboard; sourceTree = "<group>"; };
		670026E321FC6EAE0078D97A /* Assets.xcassets */ = {isa = PBXFileReference; lastKnownFileType = folder.assetcatalog; path = Assets.xcassets; sourceTree = "<group>"; };
		670026E621FC6EAE0078D97A /* Base */ = {isa = PBXFileReference; lastKnownFileType = file.storyboard; name = Base; path = Base.lproj/LaunchScreen.storyboard; sourceTree = "<group>"; };
		670026E821FC6EAE0078D97A /* Info.plist */ = {isa = PBXFileReference; lastKnownFileType = text.plist.xml; path = Info.plist; sourceTree = "<group>"; };
		670026EF21FC70D90078D97A /* AbbeyRoad.jpg */ = {isa = PBXFileReference; lastKnownFileType = image.jpeg; path = AbbeyRoad.jpg; sourceTree = "<group>"; };
		670026F121FC776A0078D97A /* Images.bundle */ = {isa = PBXFileReference; lastKnownFileType = "wrapper.plug-in"; path = Images.bundle; sourceTree = "<group>"; };
/* End PBXFileReference section */

/* Begin PBXFrameworksBuildPhase section */
		670026D621FC6EAD0078D97A /* Frameworks */ = {
			isa = PBXFrameworksBuildPhase;
			buildActionMask = 2147483647;
			files = (
			);
			runOnlyForDeploymentPostprocessing = 0;
		};
/* End PBXFrameworksBuildPhase section */

/* Begin PBXGroup section */
		670026D021FC6EAD0078D97A = {
			isa = PBXGroup;
			children = (
				670026DB21FC6EAD0078D97A /* BundleTest */,
				670026DA21FC6EAD0078D97A /* Products */,
			);
			sourceTree = "<group>";
		};
		670026DA21FC6EAD0078D97A /* Products */ = {
			isa = PBXGroup;
			children = (
				670026D921FC6EAD0078D97A /* BundleTest.app */,
			);
			name = Products;
			sourceTree = "<group>";
		};
		670026DB21FC6EAD0078D97A /* BundleTest */ = {
			isa = PBXGroup;
			children = (
				670026DC21FC6EAD0078D97A /* AppDelegate.swift */,
				670026DE21FC6EAD0078D97A /* ViewController.swift */,
				670026F121FC776A0078D97A /* Images.bundle */,
				670026E021FC6EAD0078D97A /* Main.storyboard */,
				670026E321FC6EAE0078D97A /* Assets.xcassets */,
				670026E521FC6EAE0078D97A /* LaunchScreen.storyboard */,
				670026EF21FC70D90078D97A /* AbbeyRoad.jpg */,
				670026E821FC6EAE0078D97A /* Info.plist */,
			);
			path = BundleTest;
			sourceTree = "<group>";
		};
/* End PBXGroup section */

/* Begin PBXNativeTarget section */
		670026D821FC6EAD0078D97A /* BundleTest */ = {
			isa = PBXNativeTarget;
			buildConfigurationList = 670026EB21FC6EAE0078D97A /* Build configuration list for PBXNativeTarget "BundleTest" */;
			buildPhases = (
				670026D521FC6EAD0078D97A /* Sources */,
				670026D621FC6EAD0078D97A /* Frameworks */,
				670026D721FC6EAD0078D97A /* Resources */,
			);
			buildRules = (
			);
			dependencies = (
			);
			name = BundleTest;
			productName = BundleTest;
			productReference = 670026D921FC6EAD0078D97A /* BundleTest.app */;
			productType = "com.apple.product-type.application";
		};
/* End PBXNativeTarget section */

/* Begin PBXProject section */
		670026D121FC6EAD0078D97A /* Project object */ = {
			isa = PBXProject;
			attributes = {
				LastSwiftUpdateCheck = 1000;
				LastUpgradeCheck = 1000;
				ORGANIZATIONNAME = CSD;
				TargetAttributes = {
					670026D821FC6EAD0078D97A = {
						CreatedOnToolsVersion = 10.0;
					};
				};
			};
			buildConfigurationList = 670026D421FC6EAD0078D97A /* Build configuration list for PBXProject "BundleTest" */;
			compatibilityVersion = "Xcode 9.3";
			developmentRegion = en;
			hasScannedForEncodings = 0;
			knownRegions = (
				en,
				Base,
			);
			mainGroup = 670026D021FC6EAD0078D97A;
			productRefGroup = 670026DA21FC6EAD0078D97A /* Products */;
			projectDirPath = "";
			projectRoot = "";
			targets = (
				670026D821FC6EAD0078D97A /* BundleTest */,
			);
		};
/* End PBXProject section */

/* Begin PBXResourcesBuildPhase section */
		670026D721FC6EAD0078D97A /* Resources */ = {
			isa = PBXResourcesBuildPhase;
			buildActionMask = 2147483647;
			files = (
				670026E721FC6EAE0078D97A /* LaunchScreen.storyboard in Resources */,
				670026F021FC70D90078D97A /* AbbeyRoad.jpg in Resources */,
				670026E421FC6EAE0078D97A /* Assets.xcassets in Resources */,
				670026F221FC776A0078D97A /* Images.bundle in Resources */,
				670026E221FC6EAD0078D97A /* Main.storyboard in Resources */,
			);
			runOnlyForDeploymentPostprocessing = 0;
		};
/* End PBXResourcesBuildPhase section */

/* Begin PBXSourcesBuildPhase section */
		670026D521FC6EAD0078D97A /* Sources */ = {
			isa = PBXSourcesBuildPhase;
			buildActionMask = 2147483647;
			files = (
				670026DF21FC6EAD0078D97A /* ViewController.swift in Sources */,
				670026DD21FC6EAD0078D97A /* AppDelegate.swift in Sources */,
			);
			runOnlyForDeploymentPostprocessing = 0;
		};
/* End PBXSourcesBuildPhase section */

/* Begin PBXVariantGroup section */
		670026E021FC6EAD0078D97A /* Main.storyboard */ = {
			isa = PBXVariantGroup;
			children = (
				670026E121FC6EAD0078D97A /* Base */,
			);
			name = Main.storyboard;
			sourceTree = "<group>";
		};
		670026E521FC6EAE0078D97A /* LaunchScreen.storyboard */ = {
			isa = PBXVariantGroup;
			children = (
				670026E621FC6EAE0078D97A /* Base */,
			);
			name = LaunchScreen.storyboard;
			sourceTree = "<group>";
		};
/* End PBXVariantGroup section */

/* Begin XCBuildConfiguration section */
		670026E921FC6EAE0078D97A /* Debug */ = {
			isa = XCBuildConfiguration;
			buildSettings = {
				ALWAYS_SEARCH_USER_PATHS = NO;
				CLANG_ANALYZER_NONNULL = YES;
				CLANG_ANALYZER_NUMBER_OBJECT_CONVERSION = YES_AGGRESSIVE;
				CLANG_CXX_LANGUAGE_STANDARD = "gnu++14";
				CLANG_CXX_LIBRARY = "libc++";
				CLANG_ENABLE_MODULES = YES;
				CLANG_ENABLE_OBJC_ARC = YES;
				CLANG_ENABLE_OBJC_WEAK = YES;
				CLANG_WARN_BLOCK_CAPTURE_AUTORELEASING = YES;
				CLANG_WARN_BOOL_CONVERSION = YES;
				CLANG_WARN_COMMA = YES;
				CLANG_WARN_CONSTANT_CONVERSION = YES;
				CLANG_WARN_DEPRECATED_OBJC_IMPLEMENTATIONS = YES;
				CLANG_WARN_DIRECT_OBJC_ISA_USAGE = YES_ERROR;
				CLANG_WARN_DOCUMENTATION_COMMENTS = YES;
				CLANG_WARN_EMPTY_BODY = YES;
				CLANG_WARN_ENUM_CONVERSION = YES;
				CLANG_WARN_INFINITE_RECURSION = YES;
				CLANG_WARN_INT_CONVERSION = YES;
				CLANG_WARN_NON_LITERAL_NULL_CONVERSION = YES;
				CLANG_WARN_OBJC_IMPLICIT_RETAIN_SELF = YES;
				CLANG_WARN_OBJC_LITERAL_CONVERSION = YES;
				CLANG_WARN_OBJC_ROOT_CLASS = YES_ERROR;
				CLANG_WARN_RANGE_LOOP_ANALYSIS = YES;
				CLANG_WARN_STRICT_PROTOTYPES = YES;
				CLANG_WARN_SUSPICIOUS_MOVE = YES;
				CLANG_WARN_UNGUARDED_AVAILABILITY = YES_AGGRESSIVE;
				CLANG_WARN_UNREACHABLE_CODE = YES;
				CLANG_WARN__DUPLICATE_METHOD_MATCH = YES;
				CODE_SIGN_IDENTITY = "iPhone Developer";
				COPY_PHASE_STRIP = NO;
				DEBUG_INFORMATION_FORMAT = dwarf;
				ENABLE_STRICT_OBJC_MSGSEND = YES;
				ENABLE_TESTABILITY = YES;
				GCC_C_LANGUAGE_STANDARD = gnu11;
				GCC_DYNAMIC_NO_PIC = NO;
				GCC_NO_COMMON_BLOCKS = YES;
				GCC_OPTIMIZATION_LEVEL = 0;
				GCC_PREPROCESSOR_DEFINITIONS = (
					"DEBUG=1",
					"$(inherited)",
				);
				GCC_WARN_64_TO_32_BIT_CONVERSION = YES;
				GCC_WARN_ABOUT_RETURN_TYPE = YES_ERROR;
				GCC_WARN_UNDECLARED_SELECTOR = YES;
				GCC_WARN_UNINITIALIZED_AUTOS = YES_AGGRESSIVE;
				GCC_WARN_UNUSED_FUNCTION = YES;
				GCC_WARN_UNUSED_VARIABLE = YES;
				IPHONEOS_DEPLOYMENT_TARGET = 12.0;
				MTL_ENABLE_DEBUG_INFO = INCLUDE_SOURCE;
				MTL_FAST_MATH = YES;
				ONLY_ACTIVE_ARCH = YES;
				SDKROOT = iphoneos;
				SWIFT_ACTIVE_COMPILATION_CONDITIONS = DEBUG;
				SWIFT_OPTIMIZATION_LEVEL = "-Onone";
			};
			name = Debug;
		};
		670026EA21FC6EAE0078D97A /* Release */ = {
			isa = XCBuildConfiguration;
			buildSettings = {
				ALWAYS_SEARCH_USER_PATHS = NO;
				CLANG_ANALYZER_NONNULL = YES;
				CLANG_ANALYZER_NUMBER_OBJECT_CONVERSION = YES_AGGRESSIVE;
				CLANG_CXX_LANGUAGE_STANDARD = "gnu++14";
				CLANG_CXX_LIBRARY = "libc++";
				CLANG_ENABLE_MODULES = YES;
				CLANG_ENABLE_OBJC_ARC = YES;
				CLANG_ENABLE_OBJC_WEAK = YES;
				CLANG_WARN_BLOCK_CAPTURE_AUTORELEASING = YES;
				CLANG_WARN_BOOL_CONVERSION = YES;
				CLANG_WARN_COMMA = YES;
				CLANG_WARN_CONSTANT_CONVERSION = YES;
				CLANG_WARN_DEPRECATED_OBJC_IMPLEMENTATIONS = YES;
				CLANG_WARN_DIRECT_OBJC_ISA_USAGE = YES_ERROR;
				CLANG_WARN_DOCUMENTATION_COMMENTS = YES;
				CLANG_WARN_EMPTY_BODY = YES;
				CLANG_WARN_ENUM_CONVERSION = YES;
				CLANG_WARN_INFINITE_RECURSION = YES;
				CLANG_WARN_INT_CONVERSION = YES;
				CLANG_WARN_NON_LITERAL_NULL_CONVERSION = YES;
				CLANG_WARN_OBJC_IMPLICIT_RETAIN_SELF = YES;
				CLANG_WARN_OBJC_LITERAL_CONVERSION = YES;
				CLANG_WARN_OBJC_ROOT_CLASS = YES_ERROR;
				CLANG_WARN_RANGE_LOOP_ANALYSIS = YES;
				CLANG_WARN_STRICT_PROTOTYPES = YES;
				CLANG_WARN_SUSPICIOUS_MOVE = YES;
				CLANG_WARN_UNGUARDED_AVAILABILITY = YES_AGGRESSIVE;
				CLANG_WARN_UNREACHABLE_CODE = YES;
				CLANG_WARN__DUPLICATE_METHOD_MATCH = YES;
				CODE_SIGN_IDENTITY = "iPhone Developer";
				COPY_PHASE_STRIP = NO;
				DEBUG_INFORMATION_FORMAT = "dwarf-with-dsym";
				ENABLE_NS_ASSERTIONS = NO;
				ENABLE_STRICT_OBJC_MSGSEND = YES;
				GCC_C_LANGUAGE_STANDARD = gnu11;
				GCC_NO_COMMON_BLOCKS = YES;
				GCC_WARN_64_TO_32_BIT_CONVERSION = YES;
				GCC_WARN_ABOUT_RETURN_TYPE = YES_ERROR;
				GCC_WARN_UNDECLARED_SELECTOR = YES;
				GCC_WARN_UNINITIALIZED_AUTOS = YES_AGGRESSIVE;
				GCC_WARN_UNUSED_FUNCTION = YES;
				GCC_WARN_UNUSED_VARIABLE = YES;
				IPHONEOS_DEPLOYMENT_TARGET = 12.0;
				MTL_ENABLE_DEBUG_INFO = NO;
				MTL_FAST_MATH = YES;
				SDKROOT = iphoneos;
				SWIFT_COMPILATION_MODE = wholemodule;
				SWIFT_OPTIMIZATION_LEVEL = "-O";
				VALIDATE_PRODUCT = YES;
			};
			name = Release;
		};
		670026EC21FC6EAE0078D97A /* Debug */ = {
			isa = XCBuildConfiguration;
			buildSettings = {
				ASSETCATALOG_COMPILER_APPICON_NAME = AppIcon;
				CODE_SIGN_STYLE = Automatic;
				INFOPLIST_FILE = BundleTest/Info.plist;
				LD_RUNPATH_SEARCH_PATHS = (
					"$(inherited)",
					"@executable_path/Frameworks",
				);
				PRODUCT_BUNDLE_IDENTIFIER = org.csystem.BundleTest;
				PRODUCT_NAME = "$(TARGET_NAME)";
				SWIFT_VERSION = 4.2;
				TARGETED_DEVICE_FAMILY = "1,2";
			};
			name = Debug;
		};
		670026ED21FC6EAE0078D97A /* Release */ = {
			isa = XCBuildConfiguration;
			buildSettings = {
				ASSETCATALOG_COMPILER_APPICON_NAME = AppIcon;
				CODE_SIGN_STYLE = Automatic;
				INFOPLIST_FILE = BundleTest/Info.plist;
				LD_RUNPATH_SEARCH_PATHS = (
					"$(inherited)",
					"@executable_path/Frameworks",
				);
				PRODUCT_BUNDLE_IDENTIFIER = org.csystem.BundleTest;
				PRODUCT_NAME = "$(TARGET_NAME)";
				SWIFT_VERSION = 4.2;
				TARGETED_DEVICE_FAMILY = "1,2";
			};
			name = Release;
		};
/* End XCBuildConfiguration section */

/* Begin XCConfigurationList section */
		670026D421FC6EAD0078D97A /* Build configuration list for PBXProject "BundleTest" */ = {
			isa = XCConfigurationList;
			buildConfigurations = (
				670026E921FC6EAE0078D97A /* Debug */,
				670026EA21FC6EAE0078D97A /* Release */,
			);
			defaultConfigurationIsVisible = 0;
			defaultConfigurationName = Release;
		};
		670026EB21FC6EAE0078D97A /* Build configuration list for PBXNativeTarget "BundleTest" */ = {
			isa = XCConfigurationList;
			buildConfigurations = (
				670026EC21FC6EAE0078D97A /* Debug */,
				670026ED21FC6EAE0078D97A /* Release */,
			);
			defaultConfigurationIsVisible = 0;
			defaultConfigurationName = Release;
		};
/* End XCConfigurationList section */
	};
	rootObject = 670026D121FC6EAD0078D97A /* Project object */;
}
