// !$*UTF8*$!
{
	archiveVersion = 1;
	classes = {
	};
	objectVersion = 50;
	objects = {

/* Begin PBXBuildFile section */
		670244F3220EE2F40024D5E6 /* AppDelegate.swift in Sources */ = {isa = PBXBuildFile; fileRef = 670244F2220EE2F40024D5E6 /* AppDelegate.swift */; };
		670244F8220EE2F40024D5E6 /* Main.storyboard in Resources */ = {isa = PBXBuildFile; fileRef = 670244F6220EE2F40024D5E6 /* Main.storyboard */; };
		670244FA220EE2F60024D5E6 /* Assets.xcassets in Resources */ = {isa = PBXBuildFile; fileRef = 670244F9220EE2F60024D5E6 /* Assets.xcassets */; };
		670244FD220EE2F60024D5E6 /* LaunchScreen.storyboard in Resources */ = {isa = PBXBuildFile; fileRef = 670244FB220EE2F60024D5E6 /* LaunchScreen.storyboard */; };
		67024505220EE4400024D5E6 /* RootTableViewController.swift in Sources */ = {isa = PBXBuildFile; fileRef = 67024504220EE4400024D5E6 /* RootTableViewController.swift */; };
		67024507220EE9490024D5E6 /* Mp3TableViewCell.swift in Sources */ = {isa = PBXBuildFile; fileRef = 67024506220EE9490024D5E6 /* Mp3TableViewCell.swift */; };
/* End PBXBuildFile section */

/* Begin PBXFileReference section */
		670244EF220EE2F40024D5E6 /* MP3Player.app */ = {isa = PBXFileReference; explicitFileType = wrapper.application; includeInIndex = 0; path = MP3Player.app; sourceTree = BUILT_PRODUCTS_DIR; };
		670244F2220EE2F40024D5E6 /* AppDelegate.swift */ = {isa = PBXFileReference; lastKnownFileType = sourcecode.swift; path = AppDelegate.swift; sourceTree = "<group>"; };
		670244F7220EE2F40024D5E6 /* Base */ = {isa = PBXFileReference; lastKnownFileType = file.storyboard; name = Base; path = Base.lproj/Main.storyboard; sourceTree = "<group>"; };
		670244F9220EE2F60024D5E6 /* Assets.xcassets */ = {isa = PBXFileReference; lastKnownFileType = folder.assetcatalog; path = Assets.xcassets; sourceTree = "<group>"; };
		670244FC220EE2F60024D5E6 /* Base */ = {isa = PBXFileReference; lastKnownFileType = file.storyboard; name = Base; path = Base.lproj/LaunchScreen.storyboard; sourceTree = "<group>"; };
		670244FE220EE2F60024D5E6 /* Info.plist */ = {isa = PBXFileReference; lastKnownFileType = text.plist.xml; path = Info.plist; sourceTree = "<group>"; };
		67024504220EE4400024D5E6 /* RootTableViewController.swift */ = {isa = PBXFileReference; lastKnownFileType = sourcecode.swift; path = RootTableViewController.swift; sourceTree = "<group>"; };
		67024506220EE9490024D5E6 /* Mp3TableViewCell.swift */ = {isa = PBXFileReference; lastKnownFileType = sourcecode.swift; path = Mp3TableViewCell.swift; sourceTree = "<group>"; };
/* End PBXFileReference section */

/* Begin PBXFrameworksBuildPhase section */
		670244EC220EE2F40024D5E6 /* Frameworks */ = {
			isa = PBXFrameworksBuildPhase;
			buildActionMask = 2147483647;
			files = (
			);
			runOnlyForDeploymentPostprocessing = 0;
		};
/* End PBXFrameworksBuildPhase section */

/* Begin PBXGroup section */
		670244E6220EE2F40024D5E6 = {
			isa = PBXGroup;
			children = (
				670244F1220EE2F40024D5E6 /* MP3Player */,
				670244F0220EE2F40024D5E6 /* Products */,
			);
			sourceTree = "<group>";
		};
		670244F0220EE2F40024D5E6 /* Products */ = {
			isa = PBXGroup;
			children = (
				670244EF220EE2F40024D5E6 /* MP3Player.app */,
			);
			name = Products;
			sourceTree = "<group>";
		};
		670244F1220EE2F40024D5E6 /* MP3Player */ = {
			isa = PBXGroup;
			children = (
				670244F2220EE2F40024D5E6 /* AppDelegate.swift */,
				670244F6220EE2F40024D5E6 /* Main.storyboard */,
				670244F9220EE2F60024D5E6 /* Assets.xcassets */,
				670244FB220EE2F60024D5E6 /* LaunchScreen.storyboard */,
				670244FE220EE2F60024D5E6 /* Info.plist */,
				67024504220EE4400024D5E6 /* RootTableViewController.swift */,
				67024506220EE9490024D5E6 /* Mp3TableViewCell.swift */,
			);
			path = MP3Player;
			sourceTree = "<group>";
		};
/* End PBXGroup section */

/* Begin PBXNativeTarget section */
		670244EE220EE2F40024D5E6 /* MP3Player */ = {
			isa = PBXNativeTarget;
			buildConfigurationList = 67024501220EE2F60024D5E6 /* Build configuration list for PBXNativeTarget "MP3Player" */;
			buildPhases = (
				670244EB220EE2F40024D5E6 /* Sources */,
				670244EC220EE2F40024D5E6 /* Frameworks */,
				670244ED220EE2F40024D5E6 /* Resources */,
			);
			buildRules = (
			);
			dependencies = (
			);
			name = MP3Player;
			productName = MP3Player;
			productReference = 670244EF220EE2F40024D5E6 /* MP3Player.app */;
			productType = "com.apple.product-type.application";
		};
/* End PBXNativeTarget section */

/* Begin PBXProject section */
		670244E7220EE2F40024D5E6 /* Project object */ = {
			isa = PBXProject;
			attributes = {
				LastSwiftUpdateCheck = 1000;
				LastUpgradeCheck = 1000;
				ORGANIZATIONNAME = CSD;
				TargetAttributes = {
					670244EE220EE2F40024D5E6 = {
						CreatedOnToolsVersion = 10.0;
					};
				};
			};
			buildConfigurationList = 670244EA220EE2F40024D5E6 /* Build configuration list for PBXProject "MP3Player" */;
			compatibilityVersion = "Xcode 9.3";
			developmentRegion = en;
			hasScannedForEncodings = 0;
			knownRegions = (
				en,
				Base,
			);
			mainGroup = 670244E6220EE2F40024D5E6;
			productRefGroup = 670244F0220EE2F40024D5E6 /* Products */;
			projectDirPath = "";
			projectRoot = "";
			targets = (
				670244EE220EE2F40024D5E6 /* MP3Player */,
			);
		};
/* End PBXProject section */

/* Begin PBXResourcesBuildPhase section */
		670244ED220EE2F40024D5E6 /* Resources */ = {
			isa = PBXResourcesBuildPhase;
			buildActionMask = 2147483647;
			files = (
				670244FD220EE2F60024D5E6 /* LaunchScreen.storyboard in Resources */,
				670244FA220EE2F60024D5E6 /* Assets.xcassets in Resources */,
				670244F8220EE2F40024D5E6 /* Main.storyboard in Resources */,
			);
			runOnlyForDeploymentPostprocessing = 0;
		};
/* End PBXResourcesBuildPhase section */

/* Begin PBXSourcesBuildPhase section */
		670244EB220EE2F40024D5E6 /* Sources */ = {
			isa = PBXSourcesBuildPhase;
			buildActionMask = 2147483647;
			files = (
				670244F3220EE2F40024D5E6 /* AppDelegate.swift in Sources */,
				67024505220EE4400024D5E6 /* RootTableViewController.swift in Sources */,
				67024507220EE9490024D5E6 /* Mp3TableViewCell.swift in Sources */,
			);
			runOnlyForDeploymentPostprocessing = 0;
		};
/* End PBXSourcesBuildPhase section */

/* Begin PBXVariantGroup section */
		670244F6220EE2F40024D5E6 /* Main.storyboard */ = {
			isa = PBXVariantGroup;
			children = (
				670244F7220EE2F40024D5E6 /* Base */,
			);
			name = Main.storyboard;
			sourceTree = "<group>";
		};
		670244FB220EE2F60024D5E6 /* LaunchScreen.storyboard */ = {
			isa = PBXVariantGroup;
			children = (
				670244FC220EE2F60024D5E6 /* Base */,
			);
			name = LaunchScreen.storyboard;
			sourceTree = "<group>";
		};
/* End PBXVariantGroup section */

/* Begin XCBuildConfiguration section */
		670244FF220EE2F60024D5E6 /* Debug */ = {
			isa = XCBuildConfiguration;
			buildSettings = {
				ALWAYS_SEARCH_USER_PATHS = NO;
				CLANG_ANALYZER_NONNULL = YES;
				CLANG_ANALYZER_NUMBER_OBJECT_CONVERSION = YES_AGGRESSIVE;
				CLANG_CXX_LANGUAGE_STANDARD = "gnu++14";
				CLANG_CXX_LIBRARY = "libc++";
				CLANG_ENABLE_MODULES = YES;
				CLANG_ENABLE_OBJC_ARC = YES;
				CLANG_ENABLE_OBJC_WEAK = YES;
				CLANG_WARN_BLOCK_CAPTURE_AUTORELEASING = YES;
				CLANG_WARN_BOOL_CONVERSION = YES;
				CLANG_WARN_COMMA = YES;
				CLANG_WARN_CONSTANT_CONVERSION = YES;
				CLANG_WARN_DEPRECATED_OBJC_IMPLEMENTATIONS = YES;
				CLANG_WARN_DIRECT_OBJC_ISA_USAGE = YES_ERROR;
				CLANG_WARN_DOCUMENTATION_COMMENTS = YES;
				CLANG_WARN_EMPTY_BODY = YES;
				CLANG_WARN_ENUM_CONVERSION = YES;
				CLANG_WARN_INFINITE_RECURSION = YES;
				CLANG_WARN_INT_CONVERSION = YES;
				CLANG_WARN_NON_LITERAL_NULL_CONVERSION = YES;
				CLANG_WARN_OBJC_IMPLICIT_RETAIN_SELF = YES;
				CLANG_WARN_OBJC_LITERAL_CONVERSION = YES;
				CLANG_WARN_OBJC_ROOT_CLASS = YES_ERROR;
				CLANG_WARN_RANGE_LOOP_ANALYSIS = YES;
				CLANG_WARN_STRICT_PROTOTYPES = YES;
				CLANG_WARN_SUSPICIOUS_MOVE = YES;
				CLANG_WARN_UNGUARDED_AVAILABILITY = YES_AGGRESSIVE;
				CLANG_WARN_UNREACHABLE_CODE = YES;
				CLANG_WARN__DUPLICATE_METHOD_MATCH = YES;
				CODE_SIGN_IDENTITY = "iPhone Developer";
				COPY_PHASE_STRIP = NO;
				DEBUG_INFORMATION_FORMAT = dwarf;
				ENABLE_STRICT_OBJC_MSGSEND = YES;
				ENABLE_TESTABILITY = YES;
				GCC_C_LANGUAGE_STANDARD = gnu11;
				GCC_DYNAMIC_NO_PIC = NO;
				GCC_NO_COMMON_BLOCKS = YES;
				GCC_OPTIMIZATION_LEVEL = 0;
				GCC_PREPROCESSOR_DEFINITIONS = (
					"DEBUG=1",
					"$(inherited)",
				);
				GCC_WARN_64_TO_32_BIT_CONVERSION = YES;
				GCC_WARN_ABOUT_RETURN_TYPE = YES_ERROR;
				GCC_WARN_UNDECLARED_SELECTOR = YES;
				GCC_WARN_UNINITIALIZED_AUTOS = YES_AGGRESSIVE;
				GCC_WARN_UNUSED_FUNCTION = YES;
				GCC_WARN_UNUSED_VARIABLE = YES;
				IPHONEOS_DEPLOYMENT_TARGET = 12.0;
				MTL_ENABLE_DEBUG_INFO = INCLUDE_SOURCE;
				MTL_FAST_MATH = YES;
				ONLY_ACTIVE_ARCH = YES;
				SDKROOT = iphoneos;
				SWIFT_ACTIVE_COMPILATION_CONDITIONS = DEBUG;
				SWIFT_OPTIMIZATION_LEVEL = "-Onone";
			};
			name = Debug;
		};
		67024500220EE2F60024D5E6 /* Release */ = {
			isa = XCBuildConfiguration;
			buildSettings = {
				ALWAYS_SEARCH_USER_PATHS = NO;
				CLANG_ANALYZER_NONNULL = YES;
				CLANG_ANALYZER_NUMBER_OBJECT_CONVERSION = YES_AGGRESSIVE;
				CLANG_CXX_LANGUAGE_STANDARD = "gnu++14";
				CLANG_CXX_LIBRARY = "libc++";
				CLANG_ENABLE_MODULES = YES;
				CLANG_ENABLE_OBJC_ARC = YES;
				CLANG_ENABLE_OBJC_WEAK = YES;
				CLANG_WARN_BLOCK_CAPTURE_AUTORELEASING = YES;
				CLANG_WARN_BOOL_CONVERSION = YES;
				CLANG_WARN_COMMA = YES;
				CLANG_WARN_CONSTANT_CONVERSION = YES;
				CLANG_WARN_DEPRECATED_OBJC_IMPLEMENTATIONS = YES;
				CLANG_WARN_DIRECT_OBJC_ISA_USAGE = YES_ERROR;
				CLANG_WARN_DOCUMENTATION_COMMENTS = YES;
				CLANG_WARN_EMPTY_BODY = YES;
				CLANG_WARN_ENUM_CONVERSION = YES;
				CLANG_WARN_INFINITE_RECURSION = YES;
				CLANG_WARN_INT_CONVERSION = YES;
				CLANG_WARN_NON_LITERAL_NULL_CONVERSION = YES;
				CLANG_WARN_OBJC_IMPLICIT_RETAIN_SELF = YES;
				CLANG_WARN_OBJC_LITERAL_CONVERSION = YES;
				CLANG_WARN_OBJC_ROOT_CLASS = YES_ERROR;
				CLANG_WARN_RANGE_LOOP_ANALYSIS = YES;
				CLANG_WARN_STRICT_PROTOTYPES = YES;
				CLANG_WARN_SUSPICIOUS_MOVE = YES;
				CLANG_WARN_UNGUARDED_AVAILABILITY = YES_AGGRESSIVE;
				CLANG_WARN_UNREACHABLE_CODE = YES;
				CLANG_WARN__DUPLICATE_METHOD_MATCH = YES;
				CODE_SIGN_IDENTITY = "iPhone Developer";
				COPY_PHASE_STRIP = NO;
				DEBUG_INFORMATION_FORMAT = "dwarf-with-dsym";
				ENABLE_NS_ASSERTIONS = NO;
				ENABLE_STRICT_OBJC_MSGSEND = YES;
				GCC_C_LANGUAGE_STANDARD = gnu11;
				GCC_NO_COMMON_BLOCKS = YES;
				GCC_WARN_64_TO_32_BIT_CONVERSION = YES;
				GCC_WARN_ABOUT_RETURN_TYPE = YES_ERROR;
				GCC_WARN_UNDECLARED_SELECTOR = YES;
				GCC_WARN_UNINITIALIZED_AUTOS = YES_AGGRESSIVE;
				GCC_WARN_UNUSED_FUNCTION = YES;
				GCC_WARN_UNUSED_VARIABLE = YES;
				IPHONEOS_DEPLOYMENT_TARGET = 12.0;
				MTL_ENABLE_DEBUG_INFO = NO;
				MTL_FAST_MATH = YES;
				SDKROOT = iphoneos;
				SWIFT_COMPILATION_MODE = wholemodule;
				SWIFT_OPTIMIZATION_LEVEL = "-O";
				VALIDATE_PRODUCT = YES;
			};
			name = Release;
		};
		67024502220EE2F60024D5E6 /* Debug */ = {
			isa = XCBuildConfiguration;
			buildSettings = {
				ASSETCATALOG_COMPILER_APPICON_NAME = AppIcon;
				CODE_SIGN_STYLE = Automatic;
				INFOPLIST_FILE = MP3Player/Info.plist;
				LD_RUNPATH_SEARCH_PATHS = (
					"$(inherited)",
					"@executable_path/Frameworks",
				);
				PRODUCT_BUNDLE_IDENTIFIER = org.csystem.MP3Player;
				PRODUCT_NAME = "$(TARGET_NAME)";
				SWIFT_VERSION = 4.2;
				TARGETED_DEVICE_FAMILY = "1,2";
			};
			name = Debug;
		};
		67024503220EE2F60024D5E6 /* Release */ = {
			isa = XCBuildConfiguration;
			buildSettings = {
				ASSETCATALOG_COMPILER_APPICON_NAME = AppIcon;
				CODE_SIGN_STYLE = Automatic;
				INFOPLIST_FILE = MP3Player/Info.plist;
				LD_RUNPATH_SEARCH_PATHS = (
					"$(inherited)",
					"@executable_path/Frameworks",
				);
				PRODUCT_BUNDLE_IDENTIFIER = org.csystem.MP3Player;
				PRODUCT_NAME = "$(TARGET_NAME)";
				SWIFT_VERSION = 4.2;
				TARGETED_DEVICE_FAMILY = "1,2";
			};
			name = Release;
		};
/* End XCBuildConfiguration section */

/* Begin XCConfigurationList section */
		670244EA220EE2F40024D5E6 /* Build configuration list for PBXProject "MP3Player" */ = {
			isa = XCConfigurationList;
			buildConfigurations = (
				670244FF220EE2F60024D5E6 /* Debug */,
				67024500220EE2F60024D5E6 /* Release */,
			);
			defaultConfigurationIsVisible = 0;
			defaultConfigurationName = Release;
		};
		67024501220EE2F60024D5E6 /* Build configuration list for PBXNativeTarget "MP3Player" */ = {
			isa = XCConfigurationList;
			buildConfigurations = (
				67024502220EE2F60024D5E6 /* Debug */,
				67024503220EE2F60024D5E6 /* Release */,
			);
			defaultConfigurationIsVisible = 0;
			defaultConfigurationName = Release;
		};
/* End XCConfigurationList section */
	};
	rootObject = 670244E7220EE2F40024D5E6 /* Project object */;
}
