// !$*UTF8*$!
{
	archiveVersion = 1;
	classes = {
	};
	objectVersion = 50;
	objects = {

/* Begin PBXBuildFile section */
		67E8504E221725B5004A2400 /* AppDelegate.swift in Sources */ = {isa = PBXBuildFile; fileRef = 67E8504D221725B5004A2400 /* AppDelegate.swift */; };
		67E85050221725B5004A2400 /* ViewController.swift in Sources */ = {isa = PBXBuildFile; fileRef = 67E8504F221725B5004A2400 /* ViewController.swift */; };
		67E85053221725B5004A2400 /* Main.storyboard in Resources */ = {isa = PBXBuildFile; fileRef = 67E85051221725B5004A2400 /* Main.storyboard */; };
		67E85055221725B6004A2400 /* Assets.xcassets in Resources */ = {isa = PBXBuildFile; fileRef = 67E85054221725B6004A2400 /* Assets.xcassets */; };
		67E85058221725B7004A2400 /* LaunchScreen.storyboard in Resources */ = {isa = PBXBuildFile; fileRef = 67E85056221725B7004A2400 /* LaunchScreen.storyboard */; };
		67E85060221728AA004A2400 /* DontLetMeDown.mp4 in Resources */ = {isa = PBXBuildFile; fileRef = 67E8505F221728AA004A2400 /* DontLetMeDown.mp4 */; };
		67E8506922173718004A2400 /* TheShowMustGoOn.mp4 in Resources */ = {isa = PBXBuildFile; fileRef = 67E8506822173718004A2400 /* TheShowMustGoOn.mp4 */; };
		67E8506B22174038004A2400 /* TheHouseOfTheRisingSun.mp4 in Resources */ = {isa = PBXBuildFile; fileRef = 67E8506A22174038004A2400 /* TheHouseOfTheRisingSun.mp4 */; };
/* End PBXBuildFile section */

/* Begin PBXFileReference section */
		67E8504A221725B5004A2400 /* VideoPlaying.app */ = {isa = PBXFileReference; explicitFileType = wrapper.application; includeInIndex = 0; path = VideoPlaying.app; sourceTree = BUILT_PRODUCTS_DIR; };
		67E8504D221725B5004A2400 /* AppDelegate.swift */ = {isa = PBXFileReference; lastKnownFileType = sourcecode.swift; path = AppDelegate.swift; sourceTree = "<group>"; };
		67E8504F221725B5004A2400 /* ViewController.swift */ = {isa = PBXFileReference; lastKnownFileType = sourcecode.swift; path = ViewController.swift; sourceTree = "<group>"; };
		67E85052221725B5004A2400 /* Base */ = {isa = PBXFileReference; lastKnownFileType = file.storyboard; name = Base; path = Base.lproj/Main.storyboard; sourceTree = "<group>"; };
		67E85054221725B6004A2400 /* Assets.xcassets */ = {isa = PBXFileReference; lastKnownFileType = folder.assetcatalog; path = Assets.xcassets; sourceTree = "<group>"; };
		67E85057221725B7004A2400 /* Base */ = {isa = PBXFileReference; lastKnownFileType = file.storyboard; name = Base; path = Base.lproj/LaunchScreen.storyboard; sourceTree = "<group>"; };
		67E85059221725B7004A2400 /* Info.plist */ = {isa = PBXFileReference; lastKnownFileType = text.plist.xml; path = Info.plist; sourceTree = "<group>"; };
		67E8505F221728AA004A2400 /* DontLetMeDown.mp4 */ = {isa = PBXFileReference; lastKnownFileType = file; path = DontLetMeDown.mp4; sourceTree = "<group>"; };
		67E8506822173718004A2400 /* TheShowMustGoOn.mp4 */ = {isa = PBXFileReference; lastKnownFileType = file; name = TheShowMustGoOn.mp4; path = ../../../../../../../Downloads/TheShowMustGoOn.mp4; sourceTree = "<group>"; };
		67E8506A22174038004A2400 /* TheHouseOfTheRisingSun.mp4 */ = {isa = PBXFileReference; lastKnownFileType = file; name = TheHouseOfTheRisingSun.mp4; path = ../../../../../../../Downloads/TheHouseOfTheRisingSun.mp4; sourceTree = "<group>"; };
/* End PBXFileReference section */

/* Begin PBXFrameworksBuildPhase section */
		67E85047221725B5004A2400 /* Frameworks */ = {
			isa = PBXFrameworksBuildPhase;
			buildActionMask = 2147483647;
			files = (
			);
			runOnlyForDeploymentPostprocessing = 0;
		};
/* End PBXFrameworksBuildPhase section */

/* Begin PBXGroup section */
		67E85041221725B5004A2400 = {
			isa = PBXGroup;
			children = (
				67E8504C221725B5004A2400 /* VideoPlaying */,
				67E8504B221725B5004A2400 /* Products */,
			);
			sourceTree = "<group>";
		};
		67E8504B221725B5004A2400 /* Products */ = {
			isa = PBXGroup;
			children = (
				67E8504A221725B5004A2400 /* VideoPlaying.app */,
			);
			name = Products;
			sourceTree = "<group>";
		};
		67E8504C221725B5004A2400 /* VideoPlaying */ = {
			isa = PBXGroup;
			children = (
				67E85066221728E6004A2400 /* Video Files */,
				67E8504D221725B5004A2400 /* AppDelegate.swift */,
				67E8504F221725B5004A2400 /* ViewController.swift */,
				67E85051221725B5004A2400 /* Main.storyboard */,
				67E85054221725B6004A2400 /* Assets.xcassets */,
				67E85056221725B7004A2400 /* LaunchScreen.storyboard */,
				67E85059221725B7004A2400 /* Info.plist */,
			);
			path = VideoPlaying;
			sourceTree = "<group>";
		};
		67E85066221728E6004A2400 /* Video Files */ = {
			isa = PBXGroup;
			children = (
				67E8506822173718004A2400 /* TheShowMustGoOn.mp4 */,
				67E8506A22174038004A2400 /* TheHouseOfTheRisingSun.mp4 */,
				67E8505F221728AA004A2400 /* DontLetMeDown.mp4 */,
			);
			name = "Video Files";
			sourceTree = "<group>";
		};
/* End PBXGroup section */

/* Begin PBXNativeTarget section */
		67E85049221725B5004A2400 /* VideoPlaying */ = {
			isa = PBXNativeTarget;
			buildConfigurationList = 67E8505C221725B7004A2400 /* Build configuration list for PBXNativeTarget "VideoPlaying" */;
			buildPhases = (
				67E85046221725B5004A2400 /* Sources */,
				67E85047221725B5004A2400 /* Frameworks */,
				67E85048221725B5004A2400 /* Resources */,
			);
			buildRules = (
			);
			dependencies = (
			);
			name = VideoPlaying;
			productName = VideoPlaying;
			productReference = 67E8504A221725B5004A2400 /* VideoPlaying.app */;
			productType = "com.apple.product-type.application";
		};
/* End PBXNativeTarget section */

/* Begin PBXProject section */
		67E85042221725B5004A2400 /* Project object */ = {
			isa = PBXProject;
			attributes = {
				LastSwiftUpdateCheck = 1000;
				LastUpgradeCheck = 1000;
				ORGANIZATIONNAME = CSD;
				TargetAttributes = {
					67E85049221725B5004A2400 = {
						CreatedOnToolsVersion = 10.0;
					};
				};
			};
			buildConfigurationList = 67E85045221725B5004A2400 /* Build configuration list for PBXProject "VideoPlaying" */;
			compatibilityVersion = "Xcode 9.3";
			developmentRegion = en;
			hasScannedForEncodings = 0;
			knownRegions = (
				en,
				Base,
			);
			mainGroup = 67E85041221725B5004A2400;
			productRefGroup = 67E8504B221725B5004A2400 /* Products */;
			projectDirPath = "";
			projectRoot = "";
			targets = (
				67E85049221725B5004A2400 /* VideoPlaying */,
			);
		};
/* End PBXProject section */

/* Begin PBXResourcesBuildPhase section */
		67E85048221725B5004A2400 /* Resources */ = {
			isa = PBXResourcesBuildPhase;
			buildActionMask = 2147483647;
			files = (
				67E85060221728AA004A2400 /* DontLetMeDown.mp4 in Resources */,
				67E85058221725B7004A2400 /* LaunchScreen.storyboard in Resources */,
				67E8506B22174038004A2400 /* TheHouseOfTheRisingSun.mp4 in Resources */,
				67E85055221725B6004A2400 /* Assets.xcassets in Resources */,
				67E8506922173718004A2400 /* TheShowMustGoOn.mp4 in Resources */,
				67E85053221725B5004A2400 /* Main.storyboard in Resources */,
			);
			runOnlyForDeploymentPostprocessing = 0;
		};
/* End PBXResourcesBuildPhase section */

/* Begin PBXSourcesBuildPhase section */
		67E85046221725B5004A2400 /* Sources */ = {
			isa = PBXSourcesBuildPhase;
			buildActionMask = 2147483647;
			files = (
				67E85050221725B5004A2400 /* ViewController.swift in Sources */,
				67E8504E221725B5004A2400 /* AppDelegate.swift in Sources */,
			);
			runOnlyForDeploymentPostprocessing = 0;
		};
/* End PBXSourcesBuildPhase section */

/* Begin PBXVariantGroup section */
		67E85051221725B5004A2400 /* Main.storyboard */ = {
			isa = PBXVariantGroup;
			children = (
				67E85052221725B5004A2400 /* Base */,
			);
			name = Main.storyboard;
			sourceTree = "<group>";
		};
		67E85056221725B7004A2400 /* LaunchScreen.storyboard */ = {
			isa = PBXVariantGroup;
			children = (
				67E85057221725B7004A2400 /* Base */,
			);
			name = LaunchScreen.storyboard;
			sourceTree = "<group>";
		};
/* End PBXVariantGroup section */

/* Begin XCBuildConfiguration section */
		67E8505A221725B7004A2400 /* Debug */ = {
			isa = XCBuildConfiguration;
			buildSettings = {
				ALWAYS_SEARCH_USER_PATHS = NO;
				CLANG_ANALYZER_NONNULL = YES;
				CLANG_ANALYZER_NUMBER_OBJECT_CONVERSION = YES_AGGRESSIVE;
				CLANG_CXX_LANGUAGE_STANDARD = "gnu++14";
				CLANG_CXX_LIBRARY = "libc++";
				CLANG_ENABLE_MODULES = YES;
				CLANG_ENABLE_OBJC_ARC = YES;
				CLANG_ENABLE_OBJC_WEAK = YES;
				CLANG_WARN_BLOCK_CAPTURE_AUTORELEASING = YES;
				CLANG_WARN_BOOL_CONVERSION = YES;
				CLANG_WARN_COMMA = YES;
				CLANG_WARN_CONSTANT_CONVERSION = YES;
				CLANG_WARN_DEPRECATED_OBJC_IMPLEMENTATIONS = YES;
				CLANG_WARN_DIRECT_OBJC_ISA_USAGE = YES_ERROR;
				CLANG_WARN_DOCUMENTATION_COMMENTS = YES;
				CLANG_WARN_EMPTY_BODY = YES;
				CLANG_WARN_ENUM_CONVERSION = YES;
				CLANG_WARN_INFINITE_RECURSION = YES;
				CLANG_WARN_INT_CONVERSION = YES;
				CLANG_WARN_NON_LITERAL_NULL_CONVERSION = YES;
				CLANG_WARN_OBJC_IMPLICIT_RETAIN_SELF = YES;
				CLANG_WARN_OBJC_LITERAL_CONVERSION = YES;
				CLANG_WARN_OBJC_ROOT_CLASS = YES_ERROR;
				CLANG_WARN_RANGE_LOOP_ANALYSIS = YES;
				CLANG_WARN_STRICT_PROTOTYPES = YES;
				CLANG_WARN_SUSPICIOUS_MOVE = YES;
				CLANG_WARN_UNGUARDED_AVAILABILITY = YES_AGGRESSIVE;
				CLANG_WARN_UNREACHABLE_CODE = YES;
				CLANG_WARN__DUPLICATE_METHOD_MATCH = YES;
				CODE_SIGN_IDENTITY = "iPhone Developer";
				COPY_PHASE_STRIP = NO;
				DEBUG_INFORMATION_FORMAT = dwarf;
				ENABLE_STRICT_OBJC_MSGSEND = YES;
				ENABLE_TESTABILITY = YES;
				GCC_C_LANGUAGE_STANDARD = gnu11;
				GCC_DYNAMIC_NO_PIC = NO;
				GCC_NO_COMMON_BLOCKS = YES;
				GCC_OPTIMIZATION_LEVEL = 0;
				GCC_PREPROCESSOR_DEFINITIONS = (
					"DEBUG=1",
					"$(inherited)",
				);
				GCC_WARN_64_TO_32_BIT_CONVERSION = YES;
				GCC_WARN_ABOUT_RETURN_TYPE = YES_ERROR;
				GCC_WARN_UNDECLARED_SELECTOR = YES;
				GCC_WARN_UNINITIALIZED_AUTOS = YES_AGGRESSIVE;
				GCC_WARN_UNUSED_FUNCTION = YES;
				GCC_WARN_UNUSED_VARIABLE = YES;
				IPHONEOS_DEPLOYMENT_TARGET = 12.0;
				MTL_ENABLE_DEBUG_INFO = INCLUDE_SOURCE;
				MTL_FAST_MATH = YES;
				ONLY_ACTIVE_ARCH = YES;
				SDKROOT = iphoneos;
				SWIFT_ACTIVE_COMPILATION_CONDITIONS = DEBUG;
				SWIFT_OPTIMIZATION_LEVEL = "-Onone";
			};
			name = Debug;
		};
		67E8505B221725B7004A2400 /* Release */ = {
			isa = XCBuildConfiguration;
			buildSettings = {
				ALWAYS_SEARCH_USER_PATHS = NO;
				CLANG_ANALYZER_NONNULL = YES;
				CLANG_ANALYZER_NUMBER_OBJECT_CONVERSION = YES_AGGRESSIVE;
				CLANG_CXX_LANGUAGE_STANDARD = "gnu++14";
				CLANG_CXX_LIBRARY = "libc++";
				CLANG_ENABLE_MODULES = YES;
				CLANG_ENABLE_OBJC_ARC = YES;
				CLANG_ENABLE_OBJC_WEAK = YES;
				CLANG_WARN_BLOCK_CAPTURE_AUTORELEASING = YES;
				CLANG_WARN_BOOL_CONVERSION = YES;
				CLANG_WARN_COMMA = YES;
				CLANG_WARN_CONSTANT_CONVERSION = YES;
				CLANG_WARN_DEPRECATED_OBJC_IMPLEMENTATIONS = YES;
				CLANG_WARN_DIRECT_OBJC_ISA_USAGE = YES_ERROR;
				CLANG_WARN_DOCUMENTATION_COMMENTS = YES;
				CLANG_WARN_EMPTY_BODY = YES;
				CLANG_WARN_ENUM_CONVERSION = YES;
				CLANG_WARN_INFINITE_RECURSION = YES;
				CLANG_WARN_INT_CONVERSION = YES;
				CLANG_WARN_NON_LITERAL_NULL_CONVERSION = YES;
				CLANG_WARN_OBJC_IMPLICIT_RETAIN_SELF = YES;
				CLANG_WARN_OBJC_LITERAL_CONVERSION = YES;
				CLANG_WARN_OBJC_ROOT_CLASS = YES_ERROR;
				CLANG_WARN_RANGE_LOOP_ANALYSIS = YES;
				CLANG_WARN_STRICT_PROTOTYPES = YES;
				CLANG_WARN_SUSPICIOUS_MOVE = YES;
				CLANG_WARN_UNGUARDED_AVAILABILITY = YES_AGGRESSIVE;
				CLANG_WARN_UNREACHABLE_CODE = YES;
				CLANG_WARN__DUPLICATE_METHOD_MATCH = YES;
				CODE_SIGN_IDENTITY = "iPhone Developer";
				COPY_PHASE_STRIP = NO;
				DEBUG_INFORMATION_FORMAT = "dwarf-with-dsym";
				ENABLE_NS_ASSERTIONS = NO;
				ENABLE_STRICT_OBJC_MSGSEND = YES;
				GCC_C_LANGUAGE_STANDARD = gnu11;
				GCC_NO_COMMON_BLOCKS = YES;
				GCC_WARN_64_TO_32_BIT_CONVERSION = YES;
				GCC_WARN_ABOUT_RETURN_TYPE = YES_ERROR;
				GCC_WARN_UNDECLARED_SELECTOR = YES;
				GCC_WARN_UNINITIALIZED_AUTOS = YES_AGGRESSIVE;
				GCC_WARN_UNUSED_FUNCTION = YES;
				GCC_WARN_UNUSED_VARIABLE = YES;
				IPHONEOS_DEPLOYMENT_TARGET = 12.0;
				MTL_ENABLE_DEBUG_INFO = NO;
				MTL_FAST_MATH = YES;
				SDKROOT = iphoneos;
				SWIFT_COMPILATION_MODE = wholemodule;
				SWIFT_OPTIMIZATION_LEVEL = "-O";
				VALIDATE_PRODUCT = YES;
			};
			name = Release;
		};
		67E8505D221725B7004A2400 /* Debug */ = {
			isa = XCBuildConfiguration;
			buildSettings = {
				ASSETCATALOG_COMPILER_APPICON_NAME = AppIcon;
				CODE_SIGN_STYLE = Automatic;
				INFOPLIST_FILE = VideoPlaying/Info.plist;
				LD_RUNPATH_SEARCH_PATHS = (
					"$(inherited)",
					"@executable_path/Frameworks",
				);
				PRODUCT_BUNDLE_IDENTIFIER = org.csystem.VideoPlaying;
				PRODUCT_NAME = "$(TARGET_NAME)";
				SWIFT_VERSION = 4.2;
				TARGETED_DEVICE_FAMILY = "1,2";
			};
			name = Debug;
		};
		67E8505E221725B7004A2400 /* Release */ = {
			isa = XCBuildConfiguration;
			buildSettings = {
				ASSETCATALOG_COMPILER_APPICON_NAME = AppIcon;
				CODE_SIGN_STYLE = Automatic;
				INFOPLIST_FILE = VideoPlaying/Info.plist;
				LD_RUNPATH_SEARCH_PATHS = (
					"$(inherited)",
					"@executable_path/Frameworks",
				);
				PRODUCT_BUNDLE_IDENTIFIER = org.csystem.VideoPlaying;
				PRODUCT_NAME = "$(TARGET_NAME)";
				SWIFT_VERSION = 4.2;
				TARGETED_DEVICE_FAMILY = "1,2";
			};
			name = Release;
		};
/* End XCBuildConfiguration section */

/* Begin XCConfigurationList section */
		67E85045221725B5004A2400 /* Build configuration list for PBXProject "VideoPlaying" */ = {
			isa = XCConfigurationList;
			buildConfigurations = (
				67E8505A221725B7004A2400 /* Debug */,
				67E8505B221725B7004A2400 /* Release */,
			);
			defaultConfigurationIsVisible = 0;
			defaultConfigurationName = Release;
		};
		67E8505C221725B7004A2400 /* Build configuration list for PBXNativeTarget "VideoPlaying" */ = {
			isa = XCConfigurationList;
			buildConfigurations = (
				67E8505D221725B7004A2400 /* Debug */,
				67E8505E221725B7004A2400 /* Release */,
			);
			defaultConfigurationIsVisible = 0;
			defaultConfigurationName = Release;
		};
/* End XCConfigurationList section */
	};
	rootObject = 67E85042221725B5004A2400 /* Project object */;
}
